// !$*UTF8*$!
{
	archiveVersion = 1;
	classes = {
	};
	objectVersion = 56;
	objects = {

/* Begin PBXBuildFile section */
		DD1FFA412903168A002C7316 /* AppDelegate.swift in Sources */ = {isa = PBXBuildFile; fileRef = DD1FFA402903168A002C7316 /* AppDelegate.swift */; };
		DD1FFA432903168A002C7316 /* SceneDelegate.swift in Sources */ = {isa = PBXBuildFile; fileRef = DD1FFA422903168A002C7316 /* SceneDelegate.swift */; };
		DD1FFA452903168A002C7316 /* ViewController.swift in Sources */ = {isa = PBXBuildFile; fileRef = DD1FFA442903168A002C7316 /* ViewController.swift */; };
		DD1FFA4A2903168B002C7316 /* Assets.xcassets in Resources */ = {isa = PBXBuildFile; fileRef = DD1FFA492903168B002C7316 /* Assets.xcassets */; };
		DD1FFA4D2903168B002C7316 /* LaunchScreen.storyboard in Resources */ = {isa = PBXBuildFile; fileRef = DD1FFA4B2903168B002C7316 /* LaunchScreen.storyboard */; };
		DD1FFA5529031697002C7316 /* Cars.swift in Sources */ = {isa = PBXBuildFile; fileRef = DD1FFA5429031697002C7316 /* Cars.swift */; };
		DD1FFA57290316AA002C7316 /* TableViewController.swift in Sources */ = {isa = PBXBuildFile; fileRef = DD1FFA56290316AA002C7316 /* TableViewController.swift */; };
		DD1FFA5929031CD4002C7316 /* CarsViewTableCell.swift in Sources */ = {isa = PBXBuildFile; fileRef = DD1FFA5829031CD4002C7316 /* CarsViewTableCell.swift */; };
		DD1FFA8329033324002C7316 /* bmw.png in Resources */ = {isa = PBXBuildFile; fileRef = DD1FFA7C29033324002C7316 /* bmw.png */; };
		DD1FFA8529033324002C7316 /* mercedes.png in Resources */ = {isa = PBXBuildFile; fileRef = DD1FFA7E29033324002C7316 /* mercedes.png */; };
		DD1FFA8629033324002C7316 /* honda.png in Resources */ = {isa = PBXBuildFile; fileRef = DD1FFA7F29033324002C7316 /* honda.png */; };
		DD1FFA8829033324002C7316 /* nissan.png in Resources */ = {isa = PBXBuildFile; fileRef = DD1FFA8129033324002C7316 /* nissan.png */; };
		DD1FFA8929033324002C7316 /* lamborghini.png in Resources */ = {isa = PBXBuildFile; fileRef = DD1FFA8229033324002C7316 /* lamborghini.png */; };
		DD1FFA8B290333AA002C7316 /* audi.png in Resources */ = {isa = PBXBuildFile; fileRef = DD1FFA8A290333AA002C7316 /* audi.png */; };
/* End PBXBuildFile section */

/* Begin PBXFileReference section */
		DD1FFA3D2903168A002C7316 /* HW6.app */ = {isa = PBXFileReference; explicitFileType = wrapper.application; includeInIndex = 0; path = HW6.app; sourceTree = BUILT_PRODUCTS_DIR; };
		DD1FFA402903168A002C7316 /* AppDelegate.swift */ = {isa = PBXFileReference; lastKnownFileType = sourcecode.swift; path = AppDelegate.swift; sourceTree = "<group>"; };
		DD1FFA422903168A002C7316 /* SceneDelegate.swift */ = {isa = PBXFileReference; lastKnownFileType = sourcecode.swift; path = SceneDelegate.swift; sourceTree = "<group>"; };
		DD1FFA442903168A002C7316 /* ViewController.swift */ = {isa = PBXFileReference; lastKnownFileType = sourcecode.swift; path = ViewController.swift; sourceTree = "<group>"; };
		DD1FFA492903168B002C7316 /* Assets.xcassets */ = {isa = PBXFileReference; lastKnownFileType = folder.assetcatalog; path = Assets.xcassets; sourceTree = "<group>"; };
		DD1FFA4C2903168B002C7316 /* Base */ = {isa = PBXFileReference; lastKnownFileType = file.storyboard; name = Base; path = Base.lproj/LaunchScreen.storyboard; sourceTree = "<group>"; };
		DD1FFA5429031697002C7316 /* Cars.swift */ = {isa = PBXFileReference; lastKnownFileType = sourcecode.swift; path = Cars.swift; sourceTree = "<group>"; };
		DD1FFA56290316AA002C7316 /* TableViewController.swift */ = {isa = PBXFileReference; lastKnownFileType = sourcecode.swift; path = TableViewController.swift; sourceTree = "<group>"; };
		DD1FFA5829031CD4002C7316 /* CarsViewTableCell.swift */ = {isa = PBXFileReference; lastKnownFileType = sourcecode.swift; path = CarsViewTableCell.swift; sourceTree = "<group>"; };
		DD1FFA5A29032BAA002C7316 /* Info.plist */ = {isa = PBXFileReference; lastKnownFileType = text.plist.xml; path = Info.plist; sourceTree = "<group>"; };
		DD1FFA7C29033324002C7316 /* bmw.png */ = {isa = PBXFileReference; lastKnownFileType = image.png; name = bmw.png; path = ../../../../../../Downloads/bmw.png; sourceTree = "<group>"; };
		DD1FFA7E29033324002C7316 /* mercedes.png */ = {isa = PBXFileReference; lastKnownFileType = image.png; name = mercedes.png; path = ../../../../../../Downloads/mercedes.png; sourceTree = "<group>"; };
		DD1FFA7F29033324002C7316 /* honda.png */ = {isa = PBXFileReference; lastKnownFileType = image.png; name = honda.png; path = ../../../../../../Downloads/honda.png; sourceTree = "<group>"; };
		DD1FFA8129033324002C7316 /* nissan.png */ = {isa = PBXFileReference; lastKnownFileType = image.png; name = nissan.png; path = ../../../../../../Downloads/nissan.png; sourceTree = "<group>"; };
		DD1FFA8229033324002C7316 /* lamborghini.png */ = {isa = PBXFileReference; lastKnownFileType = image.png; name = lamborghini.png; path = ../../../../../../Downloads/lamborghini.png; sourceTree = "<group>"; };
		DD1FFA8A290333AA002C7316 /* audi.png */ = {isa = PBXFileReference; lastKnownFileType = image.png; name = audi.png; path = ../../../../../../Downloads/audi.png; sourceTree = "<group>"; };
/* End PBXFileReference section */

/* Begin PBXFrameworksBuildPhase section */
		DD1FFA3A2903168A002C7316 /* Frameworks */ = {
			isa = PBXFrameworksBuildPhase;
			buildActionMask = 2147483647;
			files = (
			);
			runOnlyForDeploymentPostprocessing = 0;
		};
/* End PBXFrameworksBuildPhase section */

/* Begin PBXGroup section */
		DD1FFA342903168A002C7316 = {
			isa = PBXGroup;
			children = (
				DD1FFA3F2903168A002C7316 /* HW6 */,
				DD1FFA3E2903168A002C7316 /* Products */,
			);
			sourceTree = "<group>";
		};
		DD1FFA3E2903168A002C7316 /* Products */ = {
			isa = PBXGroup;
			children = (
				DD1FFA3D2903168A002C7316 /* HW6.app */,
			);
			name = Products;
			sourceTree = "<group>";
		};
		DD1FFA3F2903168A002C7316 /* HW6 */ = {
			isa = PBXGroup;
			children = (
				DD1FFA402903168A002C7316 /* AppDelegate.swift */,
				DD1FFA422903168A002C7316 /* SceneDelegate.swift */,
				DD1FFA442903168A002C7316 /* ViewController.swift */,
				DD1FFA492903168B002C7316 /* Assets.xcassets */,
				DD1FFA7C29033324002C7316 /* bmw.png */,
				DD1FFA7F29033324002C7316 /* honda.png */,
				DD1FFA8229033324002C7316 /* lamborghini.png */,
				DD1FFA7E29033324002C7316 /* mercedes.png */,
				DD1FFA8A290333AA002C7316 /* audi.png */,
				DD1FFA8129033324002C7316 /* nissan.png */,
				DD1FFA4B2903168B002C7316 /* LaunchScreen.storyboard */,
				DD1FFA5429031697002C7316 /* Cars.swift */,
				DD1FFA56290316AA002C7316 /* TableViewController.swift */,
				DD1FFA5829031CD4002C7316 /* CarsViewTableCell.swift */,
				DD1FFA5A29032BAA002C7316 /* Info.plist */,
			);
			path = HW6;
			sourceTree = "<group>";
		};
/* End PBXGroup section */

/* Begin PBXNativeTarget section */
		DD1FFA3C2903168A002C7316 /* HW6 */ = {
			isa = PBXNativeTarget;
			buildConfigurationList = DD1FFA512903168B002C7316 /* Build configuration list for PBXNativeTarget "HW6" */;
			buildPhases = (
				DD1FFA392903168A002C7316 /* Sources */,
				DD1FFA3A2903168A002C7316 /* Frameworks */,
				DD1FFA3B2903168A002C7316 /* Resources */,
			);
			buildRules = (
			);
			dependencies = (
			);
			name = HW6;
			productName = HW6;
			productReference = DD1FFA3D2903168A002C7316 /* HW6.app */;
			productType = "com.apple.product-type.application";
		};
/* End PBXNativeTarget section */

/* Begin PBXProject section */
		DD1FFA352903168A002C7316 /* Project object */ = {
			isa = PBXProject;
			attributes = {
				BuildIndependentTargetsInParallel = 1;
				LastSwiftUpdateCheck = 1400;
				LastUpgradeCheck = 1400;
				TargetAttributes = {
					DD1FFA3C2903168A002C7316 = {
						CreatedOnToolsVersion = 14.0.1;
					};
				};
			};
			buildConfigurationList = DD1FFA382903168A002C7316 /* Build configuration list for PBXProject "HW6" */;
			compatibilityVersion = "Xcode 14.0";
			developmentRegion = en;
			hasScannedForEncodings = 0;
			knownRegions = (
				en,
				Base,
			);
			mainGroup = DD1FFA342903168A002C7316;
			productRefGroup = DD1FFA3E2903168A002C7316 /* Products */;
			projectDirPath = "";
			projectRoot = "";
			targets = (
				DD1FFA3C2903168A002C7316 /* HW6 */,
			);
		};
/* End PBXProject section */

/* Begin PBXResourcesBuildPhase section */
		DD1FFA3B2903168A002C7316 /* Resources */ = {
			isa = PBXResourcesBuildPhase;
			buildActionMask = 2147483647;
			files = (
				DD1FFA8929033324002C7316 /* lamborghini.png in Resources */,
				DD1FFA8829033324002C7316 /* nissan.png in Resources */,
				DD1FFA8329033324002C7316 /* bmw.png in Resources */,
				DD1FFA4D2903168B002C7316 /* LaunchScreen.storyboard in Resources */,
				DD1FFA8529033324002C7316 /* mercedes.png in Resources */,
				DD1FFA8629033324002C7316 /* honda.png in Resources */,
				DD1FFA8B290333AA002C7316 /* audi.png in Resources */,
				DD1FFA4A2903168B002C7316 /* Assets.xcassets in Resources */,
			);
			runOnlyForDeploymentPostprocessing = 0;
		};
/* End PBXResourcesBuildPhase section */

/* Begin PBXSourcesBuildPhase section */
		DD1FFA392903168A002C7316 /* Sources */ = {
			isa = PBXSourcesBuildPhase;
			buildActionMask = 2147483647;
			files = (
				DD1FFA452903168A002C7316 /* ViewController.swift in Sources */,
				DD1FFA412903168A002C7316 /* AppDelegate.swift in Sources */,
				DD1FFA5929031CD4002C7316 /* CarsViewTableCell.swift in Sources */,
				DD1FFA5529031697002C7316 /* Cars.swift in Sources */,
				DD1FFA57290316AA002C7316 /* TableViewController.swift in Sources */,
				DD1FFA432903168A002C7316 /* SceneDelegate.swift in Sources */,
			);
			runOnlyForDeploymentPostprocessing = 0;
		};
/* End PBXSourcesBuildPhase section */

/* Begin PBXVariantGroup section */
		DD1FFA4B2903168B002C7316 /* LaunchScreen.storyboard */ = {
			isa = PBXVariantGroup;
			children = (
				DD1FFA4C2903168B002C7316 /* Base */,
			);
			name = LaunchScreen.storyboard;
			sourceTree = "<group>";
		};
/* End PBXVariantGroup section */

/* Begin XCBuildConfiguration section */
		DD1FFA4F2903168B002C7316 /* Debug */ = {
			isa = XCBuildConfiguration;
			buildSettings = {
				ALWAYS_SEARCH_USER_PATHS = NO;
				CLANG_ANALYZER_NONNULL = YES;
				CLANG_ANALYZER_NUMBER_OBJECT_CONVERSION = YES_AGGRESSIVE;
				CLANG_CXX_LANGUAGE_STANDARD = "gnu++20";
				CLANG_ENABLE_MODULES = YES;
				CLANG_ENABLE_OBJC_ARC = YES;
				CLANG_ENABLE_OBJC_WEAK = YES;
				CLANG_WARN_BLOCK_CAPTURE_AUTORELEASING = YES;
				CLANG_WARN_BOOL_CONVERSION = YES;
				CLANG_WARN_COMMA = YES;
				CLANG_WARN_CONSTANT_CONVERSION = YES;
				CLANG_WARN_DEPRECATED_OBJC_IMPLEMENTATIONS = YES;
				CLANG_WARN_DIRECT_OBJC_ISA_USAGE = YES_ERROR;
				CLANG_WARN_DOCUMENTATION_COMMENTS = YES;
				CLANG_WARN_EMPTY_BODY = YES;
				CLANG_WARN_ENUM_CONVERSION = YES;
				CLANG_WARN_INFINITE_RECURSION = YES;
				CLANG_WARN_INT_CONVERSION = YES;
				CLANG_WARN_NON_LITERAL_NULL_CONVERSION = YES;
				CLANG_WARN_OBJC_IMPLICIT_RETAIN_SELF = YES;
				CLANG_WARN_OBJC_LITERAL_CONVERSION = YES;
				CLANG_WARN_OBJC_ROOT_CLASS = YES_ERROR;
				CLANG_WARN_QUOTED_INCLUDE_IN_FRAMEWORK_HEADER = YES;
				CLANG_WARN_RANGE_LOOP_ANALYSIS = YES;
				CLANG_WARN_STRICT_PROTOTYPES = YES;
				CLANG_WARN_SUSPICIOUS_MOVE = YES;
				CLANG_WARN_UNGUARDED_AVAILABILITY = YES_AGGRESSIVE;
				CLANG_WARN_UNREACHABLE_CODE = YES;
				CLANG_WARN__DUPLICATE_METHOD_MATCH = YES;
				COPY_PHASE_STRIP = NO;
				DEBUG_INFORMATION_FORMAT = dwarf;
				ENABLE_STRICT_OBJC_MSGSEND = YES;
				ENABLE_TESTABILITY = YES;
				GCC_C_LANGUAGE_STANDARD = gnu11;
				GCC_DYNAMIC_NO_PIC = NO;
				GCC_NO_COMMON_BLOCKS = YES;
				GCC_OPTIMIZATION_LEVEL = 0;
				GCC_PREPROCESSOR_DEFINITIONS = (
					"DEBUG=1",
					"$(inherited)",
				);
				GCC_WARN_64_TO_32_BIT_CONVERSION = YES;
				GCC_WARN_ABOUT_RETURN_TYPE = YES_ERROR;
				GCC_WARN_UNDECLARED_SELECTOR = YES;
				GCC_WARN_UNINITIALIZED_AUTOS = YES_AGGRESSIVE;
				GCC_WARN_UNUSED_FUNCTION = YES;
				GCC_WARN_UNUSED_VARIABLE = YES;
				IPHONEOS_DEPLOYMENT_TARGET = 16.0;
				MTL_ENABLE_DEBUG_INFO = INCLUDE_SOURCE;
				MTL_FAST_MATH = YES;
				ONLY_ACTIVE_ARCH = YES;
				SDKROOT = iphoneos;
				SWIFT_ACTIVE_COMPILATION_CONDITIONS = DEBUG;
				SWIFT_OPTIMIZATION_LEVEL = "-Onone";
			};
			name = Debug;
		};
		DD1FFA502903168B002C7316 /* Release */ = {
			isa = XCBuildConfiguration;
			buildSettings = {
				ALWAYS_SEARCH_USER_PATHS = NO;
				CLANG_ANALYZER_NONNULL = YES;
				CLANG_ANALYZER_NUMBER_OBJECT_CONVERSION = YES_AGGRESSIVE;
				CLANG_CXX_LANGUAGE_STANDARD = "gnu++20";
				CLANG_ENABLE_MODULES = YES;
				CLANG_ENABLE_OBJC_ARC = YES;
				CLANG_ENABLE_OBJC_WEAK = YES;
				CLANG_WARN_BLOCK_CAPTURE_AUTORELEASING = YES;
				CLANG_WARN_BOOL_CONVERSION = YES;
				CLANG_WARN_COMMA = YES;
				CLANG_WARN_CONSTANT_CONVERSION = YES;
				CLANG_WARN_DEPRECATED_OBJC_IMPLEMENTATIONS = YES;
				CLANG_WARN_DIRECT_OBJC_ISA_USAGE = YES_ERROR;
				CLANG_WARN_DOCUMENTATION_COMMENTS = YES;
				CLANG_WARN_EMPTY_BODY = YES;
				CLANG_WARN_ENUM_CONVERSION = YES;
				CLANG_WARN_INFINITE_RECURSION = YES;
				CLANG_WARN_INT_CONVERSION = YES;
				CLANG_WARN_NON_LITERAL_NULL_CONVERSION = YES;
				CLANG_WARN_OBJC_IMPLICIT_RETAIN_SELF = YES;
				CLANG_WARN_OBJC_LITERAL_CONVERSION = YES;
				CLANG_WARN_OBJC_ROOT_CLASS = YES_ERROR;
				CLANG_WARN_QUOTED_INCLUDE_IN_FRAMEWORK_HEADER = YES;
				CLANG_WARN_RANGE_LOOP_ANALYSIS = YES;
				CLANG_WARN_STRICT_PROTOTYPES = YES;
				CLANG_WARN_SUSPICIOUS_MOVE = YES;
				CLANG_WARN_UNGUARDED_AVAILABILITY = YES_AGGRESSIVE;
				CLANG_WARN_UNREACHABLE_CODE = YES;
				CLANG_WARN__DUPLICATE_METHOD_MATCH = YES;
				COPY_PHASE_STRIP = NO;
				DEBUG_INFORMATION_FORMAT = "dwarf-with-dsym";
				ENABLE_NS_ASSERTIONS = NO;
				ENABLE_STRICT_OBJC_MSGSEND = YES;
				GCC_C_LANGUAGE_STANDARD = gnu11;
				GCC_NO_COMMON_BLOCKS = YES;
				GCC_WARN_64_TO_32_BIT_CONVERSION = YES;
				GCC_WARN_ABOUT_RETURN_TYPE = YES_ERROR;
				GCC_WARN_UNDECLARED_SELECTOR = YES;
				GCC_WARN_UNINITIALIZED_AUTOS = YES_AGGRESSIVE;
				GCC_WARN_UNUSED_FUNCTION = YES;
				GCC_WARN_UNUSED_VARIABLE = YES;
				IPHONEOS_DEPLOYMENT_TARGET = 16.0;
				MTL_ENABLE_DEBUG_INFO = NO;
				MTL_FAST_MATH = YES;
				SDKROOT = iphoneos;
				SWIFT_COMPILATION_MODE = wholemodule;
				SWIFT_OPTIMIZATION_LEVEL = "-O";
				VALIDATE_PRODUCT = YES;
			};
			name = Release;
		};
		DD1FFA522903168B002C7316 /* Debug */ = {
			isa = XCBuildConfiguration;
			buildSettings = {
				ASSETCATALOG_COMPILER_APPICON_NAME = AppIcon;
				ASSETCATALOG_COMPILER_GLOBAL_ACCENT_COLOR_NAME = AccentColor;
				CODE_SIGN_STYLE = Automatic;
				CURRENT_PROJECT_VERSION = 1;
				GENERATE_INFOPLIST_FILE = YES;
				INFOPLIST_FILE = HW6/Info.plist;
				INFOPLIST_KEY_UIApplicationSupportsIndirectInputEvents = YES;
				INFOPLIST_KEY_UILaunchStoryboardName = LaunchScreen;
				INFOPLIST_KEY_UIStatusBarStyle = "";
				INFOPLIST_KEY_UISupportedInterfaceOrientations_iPad = "UIInterfaceOrientationPortrait UIInterfaceOrientationPortraitUpsideDown UIInterfaceOrientationLandscapeLeft UIInterfaceOrientationLandscapeRight";
				INFOPLIST_KEY_UISupportedInterfaceOrientations_iPhone = "UIInterfaceOrientationPortrait UIInterfaceOrientationLandscapeLeft UIInterfaceOrientationLandscapeRight";
				LD_RUNPATH_SEARCH_PATHS = (
					"$(inherited)",
					"@executable_path/Frameworks",
				);
				MARKETING_VERSION = 1.0;
				PRODUCT_BUNDLE_IDENTIFIER = none.HW6;
				PRODUCT_NAME = "$(TARGET_NAME)";
				SWIFT_EMIT_LOC_STRINGS = YES;
				SWIFT_VERSION = 5.0;
				TARGETED_DEVICE_FAMILY = "1,2";
			};
			name = Debug;
		};
		DD1FFA532903168B002C7316 /* Release */ = {
			isa = XCBuildConfiguration;
			buildSettings = {
				ASSETCATALOG_COMPILER_APPICON_NAME = AppIcon;
				ASSETCATALOG_COMPILER_GLOBAL_ACCENT_COLOR_NAME = AccentColor;
				CODE_SIGN_STYLE = Automatic;
				CURRENT_PROJECT_VERSION = 1;
				GENERATE_INFOPLIST_FILE = YES;
				INFOPLIST_FILE = HW6/Info.plist;
				INFOPLIST_KEY_UIApplicationSupportsIndirectInputEvents = YES;
				INFOPLIST_KEY_UILaunchStoryboardName = LaunchScreen;
				INFOPLIST_KEY_UIStatusBarStyle = "";
				INFOPLIST_KEY_UISupportedInterfaceOrientations_iPad = "UIInterfaceOrientationPortrait UIInterfaceOrientationPortraitUpsideDown UIInterfaceOrientationLandscapeLeft UIInterfaceOrientationLandscapeRight";
				INFOPLIST_KEY_UISupportedInterfaceOrientations_iPhone = "UIInterfaceOrientationPortrait UIInterfaceOrientationLandscapeLeft UIInterfaceOrientationLandscapeRight";
				LD_RUNPATH_SEARCH_PATHS = (
					"$(inherited)",
					"@executable_path/Frameworks",
				);
				MARKETING_VERSION = 1.0;
				PRODUCT_BUNDLE_IDENTIFIER = none.HW6;
				PRODUCT_NAME = "$(TARGET_NAME)";
				SWIFT_EMIT_LOC_STRINGS = YES;
				SWIFT_VERSION = 5.0;
				TARGETED_DEVICE_FAMILY = "1,2";
			};
			name = Release;
		};
/* End XCBuildConfiguration section */

/* Begin XCConfigurationList section */
		DD1FFA382903168A002C7316 /* Build configuration list for PBXProject "HW6" */ = {
			isa = XCConfigurationList;
			buildConfigurations = (
				DD1FFA4F2903168B002C7316 /* Debug */,
				DD1FFA502903168B002C7316 /* Release */,
			);
			defaultConfigurationIsVisible = 0;
			defaultConfigurationName = Release;
		};
		DD1FFA512903168B002C7316 /* Build configuration list for PBXNativeTarget "HW6" */ = {
			isa = XCConfigurationList;
			buildConfigurations = (
				DD1FFA522903168B002C7316 /* Debug */,
				DD1FFA532903168B002C7316 /* Release */,
			);
			defaultConfigurationIsVisible = 0;
			defaultConfigurationName = Release;
		};
/* End XCConfigurationList section */
	};
	rootObject = DD1FFA352903168A002C7316 /* Project object */;
}
